
Microsoft Visual Studio Solution File, Format Version 12.00
# Visual Studio Version 17
VisualStudioVersion = 17.14.36127.28
MinimumVisualStudioVersion = 10.0.40219.1
Project("{FAE04EC0-301F-11D3-BF4B-00C04F79EFBC}") = "EE_RetainWallLibrary", "EE_RetainWallLibrary\EE_RetainWallLibrary.csproj", "{1D97EF40-0828-4685-ADCE-48D56EA84608}"
EndProject
Project("{FAE04EC0-301F-11D3-BF4B-00C04F79EFBC}") = "EE_RetainWallDriver", "EE_RetainWallDriver\EE_RetainWallDriver.csproj", "{A4553BB5-F901-421D-ACB6-BEE169E362C8}"
EndProject
Project("{FAE04EC0-301F-11D3-BF4B-00C04F79EFBC}") = "ACI318_19Library", "..\ACI318_19Library\ACI318_19Library.csproj", "{EF65150E-C9D4-4D2D-AF2C-5F7BF62D76E7}"
EndProject
Global
	GlobalSection(SolutionConfigurationPlatforms) = preSolution
		Debug|Any CPU = Debug|Any CPU
		Release|Any CPU = Release|Any CPU
	EndGlobalSection
	GlobalSection(ProjectConfigurationPlatforms) = postSolution
		{1D97EF40-0828-4685-ADCE-48D56EA84608}.Debug|Any CPU.ActiveCfg = Debug|Any CPU
		{1D97EF40-0828-4685-ADCE-48D56EA84608}.Debug|Any CPU.Build.0 = Debug|Any CPU
		{1D97EF40-0828-4685-ADCE-48D56EA84608}.Release|Any CPU.ActiveCfg = Release|Any CPU
		{1D97EF40-0828-4685-ADCE-48D56EA84608}.Release|Any CPU.Build.0 = Release|Any CPU
		{A4553BB5-F901-421D-ACB6-BEE169E362C8}.Debug|Any CPU.ActiveCfg = Debug|Any CPU
		{A4553BB5-F901-421D-ACB6-BEE169E362C8}.Debug|Any CPU.Build.0 = Debug|Any CPU
		{A4553BB5-F901-421D-ACB6-BEE169E362C8}.Release|Any CPU.ActiveCfg = Release|Any CPU
		{A4553BB5-F901-421D-ACB6-BEE169E362C8}.Release|Any CPU.Build.0 = Release|Any CPU
		{EF65150E-C9D4-4D2D-AF2C-5F7BF62D76E7}.Debug|Any CPU.ActiveCfg = Debug|Any CPU
		{EF65150E-C9D4-4D2D-AF2C-5F7BF62D76E7}.Debug|Any CPU.Build.0 = Debug|Any CPU
		{EF65150E-C9D4-4D2D-AF2C-5F7BF62D76E7}.Release|Any CPU.ActiveCfg = Release|Any CPU
		{EF65150E-C9D4-4D2D-AF2C-5F7BF62D76E7}.Release|Any CPU.Build.0 = Release|Any CPU
	EndGlobalSection
	GlobalSection(SolutionProperties) = preSolution
		HideSolutionNode = FALSE
	EndGlobalSection
	GlobalSection(ExtensibilityGlobals) = postSolution
		SolutionGuid = {E05016A5-A798-495B-9745-65614B283CEB}
	EndGlobalSection
EndGlobal
